Microsoft Visual Studio Solution File, Format Version 12.00
# Visual Studio Version 17
VisualStudioVersion = 17.0.31808.319
MinimumVisualStudioVersion = 10.0.40219.1
Project("{9A19103F-16F7-4668-BE54-9A1E7A4F7556}") = "System.Windows.Forms", "src\System.Windows.Forms\src\System.Windows.Forms.csproj", "{0D23A41B-2626-4703-9E4A-87C07F69B0B2}"
EndProject
Project("{9A19103F-16F7-4668-BE54-9A1E7A4F7556}") = "System.Windows.Forms.Design", "src\System.Windows.Forms.Design\src\System.Windows.Forms.Design.csproj", "{61D06BBD-B0CF-4CE1-9139-1CC4B82F0F9B}"
EndProject
Project("{9A19103F-16F7-4668-BE54-9A1E7A4F7556}") = "System.Drawing.Design.Facade", "src\System.Drawing.Design\src\System.Drawing.Design.Facade.csproj", "{A2B1148A-1747-47BD-8048-416C2C2AF14C}"
EndProject
Project("{9A19103F-16F7-4668-BE54-9A1E7A4F7556}") = "System.Design.Facade", "src\System.Design\src\System.Design.Facade.csproj", "{9BEC2806-D8E0-443B-8B58-9D344E0C2D24}"
EndProject
Project("{9A19103F-16F7-4668-BE54-9A1E7A4F7556}") = "Microsoft.Private.Winforms", "pkg\Microsoft.Private.Winforms\Microsoft.Private.Winforms.csproj", "{F133342A-3040-4005-A2F0-7685AA7CB82D}"
EndProject
Project("{9A19103F-16F7-4668-BE54-9A1E7A4F7556}") = "Microsoft.Dotnet.Winforms.ProjectTemplates", "pkg\Microsoft.Dotnet.WinForms.ProjectTemplates\Microsoft.Dotnet.Winforms.ProjectTemplates.csproj", "{36A5139E-3E9C-42BD-95EE-818153A487DB}"
EndProject
Project("{2150E333-8FDC-42A3-9474-1A3956D46DE8}") = "pkg", "pkg", "{989F376E-AE19-43B0-A3E6-96A7E22B4E80}"
EndProject
Project("{2150E333-8FDC-42A3-9474-1A3956D46DE8}") = "src", "src", "{77FEDB47-F7F6-490D-AF7C-ABB4A9E0B9D7}"
EndProject
Project("{2150E333-8FDC-42A3-9474-1A3956D46DE8}") = "facade", "facade", "{434C00C3-E498-4BA7-9764-9F0FC8CFE457}"
EndProject
Project("{9A19103F-16F7-4668-BE54-9A1E7A4F7556}") = "System.Drawing.Facade", "src\System.Drawing\src\System.Drawing.Facade.csproj", "{F1B0790A-1A40-4487-A607-36D21D827E44}"
EndProject
Project("{9A19103F-16F7-4668-BE54-9A1E7A4F7556}") = "Accessibility", "src\Accessibility\src\Accessibility.ilproj", "{351D8601-6E21-45E8-B3B9-847C4540BD4E}"
EndProject
Project("{9A19103F-16F7-4668-BE54-9A1E7A4F7556}") = "Accessibility-version", "src\Accessibility\ver\Accessibility-version.csproj", "{6103E743-057D-41C6-946C-23A751A08748}"
EndProject
Project("{2150E333-8FDC-42A3-9474-1A3956D46DE8}") = "Accessibility", "Accessibility", "{088DD24C-DF6B-45F3-A8BC-592580A4B2A9}"
	ProjectSection(SolutionItems) = preProject
		src\Accessibility\readme.md = src\Accessibility\readme.md
	EndProjectSection
EndProject
Project("{2150E333-8FDC-42A3-9474-1A3956D46DE8}") = "build", "build", "{462AD69A-9395-4E98-882D-569CDE562559}"
	ProjectSection(SolutionItems) = preProject
		azure-pipelines.yml = azure-pipelines.yml
		eng\common\templates\job\build.yml = eng\common\templates\job\build.yml
	EndProjectSection
EndProject
Project("{2150E333-8FDC-42A3-9474-1A3956D46DE8}") = "documentation", "documentation", "{C029199F-7D5C-417C-AA52-913A214E3285}"
	ProjectSection(SolutionItems) = preProject
		docs\building.md = docs\building.md
		CODE_OF_CONDUCT.md = CODE_OF_CONDUCT.md
		CONTRIBUTING.md = CONTRIBUTING.md
		docs\debugging.md = docs\debugging.md
		docs\developer-guide.md = docs\developer-guide.md
		docs\getting-started.md = docs\getting-started.md
		docs\issue-guide.md = docs\issue-guide.md
		docs\porting-guidelines.md = docs\porting-guidelines.md
		README.md = README.md
		docs\roadmap.md = docs\roadmap.md
		docs\testing.md = docs\testing.md
		THIRD-PARTY-NOTICES.TXT = THIRD-PARTY-NOTICES.TXT
	EndProjectSection
EndProject
Project("{9A19103F-16F7-4668-BE54-9A1E7A4F7556}") = "System.Windows.Forms.Primitives", "src\System.Windows.Forms.Primitives\src\System.Windows.Forms.Primitives.csproj", "{90B27178-F535-43F7-886E-0AB75203F246}"
EndProject
Project("{2150E333-8FDC-42A3-9474-1A3956D46DE8}") = "Solution Items", "Solution Items", "{4AA2764C-B013-40B5-9E5B-9459EF976C8B}"
	ProjectSection(SolutionItems) = preProject
		.editorconfig = .editorconfig
		.gitattributes = .gitattributes
		.gitignore = .gitignore
		Directory.Build.props = Directory.Build.props
		Directory.Build.targets = Directory.Build.targets
		global.json = global.json
		NuGet.Config = NuGet.Config
		start-vs.cmd = start-vs.cmd
		eng\Versions.props = eng\Versions.props
	EndProjectSection
EndProject
Project("{9A19103F-16F7-4668-BE54-9A1E7A4F7556}") = "System.Windows.Forms.Design.Editors.Facade3x", "src\System.Windows.Forms.Design.Editors\src\System.Windows.Forms.Design.Editors.Facade3x.csproj", "{E0681991-228A-420E-85D5-A9E796F0AAE0}"
EndProject
Project("{9A19103F-16F7-4668-BE54-9A1E7A4F7556}") = "System.Windows.Forms.PrivateSourceGenerators", "src\System.Windows.Forms.PrivateSourceGenerators\src\System.Windows.Forms.PrivateSourceGenerators.csproj", "{3BB220A9-7BC9-4D45-9DC7-B5A1D659B478}"
EndProject
Project("{9A19103F-16F7-4668-BE54-9A1E7A4F7556}") = "System.Windows.Forms.Analyzers", "src\System.Windows.Forms.Analyzers\src\System.Windows.Forms.Analyzers.csproj", "{3596BDE6-B211-4BE7-810D-DC7A4315E296}"
EndProject
Project("{2150E333-8FDC-42A3-9474-1A3956D46DE8}") = "Analyzers", "Analyzers", "{E4C6C5F5-46E9-4C63-9628-26752B4D9C11}"
EndProject
Project("{9A19103F-16F7-4668-BE54-9A1E7A4F7556}") = "System.Windows.Forms.Analyzers.CSharp", "src\System.Windows.Forms.Analyzers.CSharp\src\System.Windows.Forms.Analyzers.CSharp.csproj", "{5025D7FF-EB6D-4250-B9C5-887ADFBBD952}"
EndProject
Project("{2150E333-8FDC-42A3-9474-1A3956D46DE8}") = "BuildAssist", "BuildAssist", "{B3CE7FA8-21C5-4CE8-970E-8210D1D89251}"
EndProject
Project("{13B669BE-BB05-4DDF-9536-439F39A36129}") = "BuildAssist", "src\BuildAssist\BuildAssist.msbuildproj", "{20E7C5E8-CD56-4A1C-9CB2-B7169FD7A5B8}"
EndProject
Project("{9A19103F-16F7-4668-BE54-9A1E7A4F7556}") = "System.Drawing.Common", "src\System.Drawing.Common\src\System.Drawing.Common.csproj", "{90CC3A84-1087-48A0-8FDC-3A0F6D4D3B4D}"
EndProject
Project("{9A19103F-16F7-4668-BE54-9A1E7A4F7556}") = "ScratchProject", "src\System.Windows.Forms\tests\IntegrationTests\ScratchProject\ScratchProject.csproj", "{194D9B0B-421B-4485-B67E-B5A448388D39}"
EndProject
Global
	GlobalSection(SolutionConfigurationPlatforms) = preSolution
		Debug|Any CPU = Debug|Any CPU
		Debug|arm64 = Debug|arm64
		Debug|x64 = Debug|x64
		Debug|x86 = Debug|x86
		Release|Any CPU = Release|Any CPU
		Release|arm64 = Release|arm64
		Release|x64 = Release|x64
		Release|x86 = Release|x86
	EndGlobalSection
	GlobalSection(ProjectConfigurationPlatforms) = postSolution
		{0D23A41B-2626-4703-9E4A-87C07F69B0B2}.Debug|Any CPU.ActiveCfg = Debug|Any CPU
		{0D23A41B-2626-4703-9E4A-87C07F69B0B2}.Debug|Any CPU.Build.0 = Debug|Any CPU
		{0D23A41B-2626-4703-9E4A-87C07F69B0B2}.Debug|arm64.ActiveCfg = Debug|Any CPU
		{0D23A41B-2626-4703-9E4A-87C07F69B0B2}.Debug|arm64.Build.0 = Debug|Any CPU
		{0D23A41B-2626-4703-9E4A-87C07F69B0B2}.Debug|x64.ActiveCfg = Debug|Any CPU
		{0D23A41B-2626-4703-9E4A-87C07F69B0B2}.Debug|x64.Build.0 = Debug|Any CPU
		{0D23A41B-2626-4703-9E4A-87C07F69B0B2}.Debug|x86.ActiveCfg = Debug|Any CPU
		{0D23A41B-2626-4703-9E4A-87C07F69B0B2}.Debug|x86.Build.0 = Debug|Any CPU
		{0D23A41B-2626-4703-9E4A-87C07F69B0B2}.Release|Any CPU.ActiveCfg = Release|Any CPU
		{0D23A41B-2626-4703-9E4A-87C07F69B0B2}.Release|Any CPU.Build.0 = Release|Any CPU
		{0D23A41B-2626-4703-9E4A-87C07F69B0B2}.Release|arm64.ActiveCfg = Release|Any CPU
		{0D23A41B-2626-4703-9E4A-87C07F69B0B2}.Release|arm64.Build.0 = Release|Any CPU
		{0D23A41B-2626-4703-9E4A-87C07F69B0B2}.Release|x64.ActiveCfg = Release|Any CPU
		{0D23A41B-2626-4703-9E4A-87C07F69B0B2}.Release|x64.Build.0 = Release|Any CPU
		{0D23A41B-2626-4703-9E4A-87C07F69B0B2}.Release|x86.ActiveCfg = Release|Any CPU
		{0D23A41B-2626-4703-9E4A-87C07F69B0B2}.Release|x86.Build.0 = Release|Any CPU
		{61D06BBD-B0CF-4CE1-9139-1CC4B82F0F9B}.Debug|Any CPU.ActiveCfg = Debug|Any CPU
		{61D06BBD-B0CF-4CE1-9139-1CC4B82F0F9B}.Debug|Any CPU.Build.0 = Debug|Any CPU
		{61D06BBD-B0CF-4CE1-9139-1CC4B82F0F9B}.Debug|arm64.ActiveCfg = Debug|Any CPU
		{61D06BBD-B0CF-4CE1-9139-1CC4B82F0F9B}.Debug|arm64.Build.0 = Debug|Any CPU
		{61D06BBD-B0CF-4CE1-9139-1CC4B82F0F9B}.Debug|x64.ActiveCfg = Debug|Any CPU
		{61D06BBD-B0CF-4CE1-9139-1CC4B82F0F9B}.Debug|x64.Build.0 = Debug|Any CPU
		{61D06BBD-B0CF-4CE1-9139-1CC4B82F0F9B}.Debug|x86.ActiveCfg = Debug|Any CPU
		{61D06BBD-B0CF-4CE1-9139-1CC4B82F0F9B}.Debug|x86.Build.0 = Debug|Any CPU
		{61D06BBD-B0CF-4CE1-9139-1CC4B82F0F9B}.Release|Any CPU.ActiveCfg = Release|Any CPU
		{61D06BBD-B0CF-4CE1-9139-1CC4B82F0F9B}.Release|Any CPU.Build.0 = Release|Any CPU
		{61D06BBD-B0CF-4CE1-9139-1CC4B82F0F9B}.Release|arm64.ActiveCfg = Release|Any CPU
		{61D06BBD-B0CF-4CE1-9139-1CC4B82F0F9B}.Release|arm64.Build.0 = Release|Any CPU
		{61D06BBD-B0CF-4CE1-9139-1CC4B82F0F9B}.Release|x64.ActiveCfg = Release|Any CPU
		{61D06BBD-B0CF-4CE1-9139-1CC4B82F0F9B}.Release|x64.Build.0 = Release|Any CPU
		{61D06BBD-B0CF-4CE1-9139-1CC4B82F0F9B}.Release|x86.ActiveCfg = Release|Any CPU
		{61D06BBD-B0CF-4CE1-9139-1CC4B82F0F9B}.Release|x86.Build.0 = Release|Any CPU
		{A2B1148A-1747-47BD-8048-416C2C2AF14C}.Debug|Any CPU.ActiveCfg = Debug|Any CPU
		{A2B1148A-1747-47BD-8048-416C2C2AF14C}.Debug|Any CPU.Build.0 = Debug|Any CPU
		{A2B1148A-1747-47BD-8048-416C2C2AF14C}.Debug|arm64.ActiveCfg = Debug|Any CPU
		{A2B1148A-1747-47BD-8048-416C2C2AF14C}.Debug|arm64.Build.0 = Debug|Any CPU
		{A2B1148A-1747-47BD-8048-416C2C2AF14C}.Debug|x64.ActiveCfg = Debug|Any CPU
		{A2B1148A-1747-47BD-8048-416C2C2AF14C}.Debug|x64.Build.0 = Debug|Any CPU
		{A2B1148A-1747-47BD-8048-416C2C2AF14C}.Debug|x86.ActiveCfg = Debug|Any CPU
		{A2B1148A-1747-47BD-8048-416C2C2AF14C}.Debug|x86.Build.0 = Debug|Any CPU
		{A2B1148A-1747-47BD-8048-416C2C2AF14C}.Release|Any CPU.ActiveCfg = Release|Any CPU
		{A2B1148A-1747-47BD-8048-416C2C2AF14C}.Release|Any CPU.Build.0 = Release|Any CPU
		{A2B1148A-1747-47BD-8048-416C2C2AF14C}.Release|arm64.ActiveCfg = Release|Any CPU
		{A2B1148A-1747-47BD-8048-416C2C2AF14C}.Release|arm64.Build.0 = Release|Any CPU
		{A2B1148A-1747-47BD-8048-416C2C2AF14C}.Release|x64.ActiveCfg = Release|Any CPU
		{A2B1148A-1747-47BD-8048-416C2C2AF14C}.Release|x64.Build.0 = Release|Any CPU
		{A2B1148A-1747-47BD-8048-416C2C2AF14C}.Release|x86.ActiveCfg = Release|Any CPU
		{A2B1148A-1747-47BD-8048-416C2C2AF14C}.Release|x86.Build.0 = Release|Any CPU
		{9BEC2806-D8E0-443B-8B58-9D344E0C2D24}.Debug|Any CPU.ActiveCfg = Debug|Any CPU
		{9BEC2806-D8E0-443B-8B58-9D344E0C2D24}.Debug|Any CPU.Build.0 = Debug|Any CPU
		{9BEC2806-D8E0-443B-8B58-9D344E0C2D24}.Debug|arm64.ActiveCfg = Debug|Any CPU
		{9BEC2806-D8E0-443B-8B58-9D344E0C2D24}.Debug|arm64.Build.0 = Debug|Any CPU
		{9BEC2806-D8E0-443B-8B58-9D344E0C2D24}.Debug|x64.ActiveCfg = Debug|Any CPU
		{9BEC2806-D8E0-443B-8B58-9D344E0C2D24}.Debug|x64.Build.0 = Debug|Any CPU
		{9BEC2806-D8E0-443B-8B58-9D344E0C2D24}.Debug|x86.ActiveCfg = Debug|Any CPU
		{9BEC2806-D8E0-443B-8B58-9D344E0C2D24}.Debug|x86.Build.0 = Debug|Any CPU
		{9BEC2806-D8E0-443B-8B58-9D344E0C2D24}.Release|Any CPU.ActiveCfg = Release|Any CPU
		{9BEC2806-D8E0-443B-8B58-9D344E0C2D24}.Release|Any CPU.Build.0 = Release|Any CPU
		{9BEC2806-D8E0-443B-8B58-9D344E0C2D24}.Release|arm64.ActiveCfg = Release|Any CPU
		{9BEC2806-D8E0-443B-8B58-9D344E0C2D24}.Release|arm64.Build.0 = Release|Any CPU
		{9BEC2806-D8E0-443B-8B58-9D344E0C2D24}.Release|x64.ActiveCfg = Release|Any CPU
		{9BEC2806-D8E0-443B-8B58-9D344E0C2D24}.Release|x64.Build.0 = Release|Any CPU
		{9BEC2806-D8E0-443B-8B58-9D344E0C2D24}.Release|x86.ActiveCfg = Release|Any CPU
		{9BEC2806-D8E0-443B-8B58-9D344E0C2D24}.Release|x86.Build.0 = Release|Any CPU
		{F133342A-3040-4005-A2F0-7685AA7CB82D}.Debug|Any CPU.ActiveCfg = Debug|Any CPU
		{F133342A-3040-4005-A2F0-7685AA7CB82D}.Debug|Any CPU.Build.0 = Debug|Any CPU
		{F133342A-3040-4005-A2F0-7685AA7CB82D}.Debug|arm64.ActiveCfg = Debug|Any CPU
		{F133342A-3040-4005-A2F0-7685AA7CB82D}.Debug|arm64.Build.0 = Debug|Any CPU
		{F133342A-3040-4005-A2F0-7685AA7CB82D}.Debug|x64.ActiveCfg = Debug|Any CPU
		{F133342A-3040-4005-A2F0-7685AA7CB82D}.Debug|x64.Build.0 = Debug|Any CPU
		{F133342A-3040-4005-A2F0-7685AA7CB82D}.Debug|x86.ActiveCfg = Debug|Any CPU
		{F133342A-3040-4005-A2F0-7685AA7CB82D}.Debug|x86.Build.0 = Debug|Any CPU
		{F133342A-3040-4005-A2F0-7685AA7CB82D}.Release|Any CPU.ActiveCfg = Release|Any CPU
		{F133342A-3040-4005-A2F0-7685AA7CB82D}.Release|Any CPU.Build.0 = Release|Any CPU
		{F133342A-3040-4005-A2F0-7685AA7CB82D}.Release|arm64.ActiveCfg = Release|Any CPU
		{F133342A-3040-4005-A2F0-7685AA7CB82D}.Release|arm64.Build.0 = Release|Any CPU
		{F133342A-3040-4005-A2F0-7685AA7CB82D}.Release|x64.ActiveCfg = Release|Any CPU
		{F133342A-3040-4005-A2F0-7685AA7CB82D}.Release|x64.Build.0 = Release|Any CPU
		{F133342A-3040-4005-A2F0-7685AA7CB82D}.Release|x86.ActiveCfg = Release|Any CPU
		{F133342A-3040-4005-A2F0-7685AA7CB82D}.Release|x86.Build.0 = Release|Any CPU
		{36A5139E-3E9C-42BD-95EE-818153A487DB}.Debug|Any CPU.ActiveCfg = Debug|Any CPU
		{36A5139E-3E9C-42BD-95EE-818153A487DB}.Debug|Any CPU.Build.0 = Debug|Any CPU
		{36A5139E-3E9C-42BD-95EE-818153A487DB}.Debug|arm64.ActiveCfg = Debug|Any CPU
		{36A5139E-3E9C-42BD-95EE-818153A487DB}.Debug|arm64.Build.0 = Debug|Any CPU
		{36A5139E-3E9C-42BD-95EE-818153A487DB}.Debug|x64.ActiveCfg = Debug|Any CPU
		{36A5139E-3E9C-42BD-95EE-818153A487DB}.Debug|x64.Build.0 = Debug|Any CPU
		{36A5139E-3E9C-42BD-95EE-818153A487DB}.Debug|x86.ActiveCfg = Debug|Any CPU
		{36A5139E-3E9C-42BD-95EE-818153A487DB}.Debug|x86.Build.0 = Debug|Any CPU
		{36A5139E-3E9C-42BD-95EE-818153A487DB}.Release|Any CPU.ActiveCfg = Release|Any CPU
		{36A5139E-3E9C-42BD-95EE-818153A487DB}.Release|Any CPU.Build.0 = Release|Any CPU
		{36A5139E-3E9C-42BD-95EE-818153A487DB}.Release|arm64.ActiveCfg = Release|Any CPU
		{36A5139E-3E9C-42BD-95EE-818153A487DB}.Release|arm64.Build.0 = Release|Any CPU
		{36A5139E-3E9C-42BD-95EE-818153A487DB}.Release|x64.ActiveCfg = Release|Any CPU
		{36A5139E-3E9C-42BD-95EE-818153A487DB}.Release|x64.Build.0 = Release|Any CPU
		{36A5139E-3E9C-42BD-95EE-818153A487DB}.Release|x86.ActiveCfg = Release|Any CPU
		{36A5139E-3E9C-42BD-95EE-818153A487DB}.Release|x86.Build.0 = Release|Any CPU
		{F1B0790A-1A40-4487-A607-36D21D827E44}.Debug|Any CPU.ActiveCfg = Debug|Any CPU
		{F1B0790A-1A40-4487-A607-36D21D827E44}.Debug|Any CPU.Build.0 = Debug|Any CPU
		{F1B0790A-1A40-4487-A607-36D21D827E44}.Debug|arm64.ActiveCfg = Debug|Any CPU
		{F1B0790A-1A40-4487-A607-36D21D827E44}.Debug|arm64.Build.0 = Debug|Any CPU
		{F1B0790A-1A40-4487-A607-36D21D827E44}.Debug|x64.ActiveCfg = Debug|Any CPU
		{F1B0790A-1A40-4487-A607-36D21D827E44}.Debug|x64.Build.0 = Debug|Any CPU
		{F1B0790A-1A40-4487-A607-36D21D827E44}.Debug|x86.ActiveCfg = Debug|Any CPU
		{F1B0790A-1A40-4487-A607-36D21D827E44}.Debug|x86.Build.0 = Debug|Any CPU
		{F1B0790A-1A40-4487-A607-36D21D827E44}.Release|Any CPU.ActiveCfg = Release|Any CPU
		{F1B0790A-1A40-4487-A607-36D21D827E44}.Release|Any CPU.Build.0 = Release|Any CPU
		{F1B0790A-1A40-4487-A607-36D21D827E44}.Release|arm64.ActiveCfg = Release|Any CPU
		{F1B0790A-1A40-4487-A607-36D21D827E44}.Release|arm64.Build.0 = Release|Any CPU
		{F1B0790A-1A40-4487-A607-36D21D827E44}.Release|x64.ActiveCfg = Release|Any CPU
		{F1B0790A-1A40-4487-A607-36D21D827E44}.Release|x64.Build.0 = Release|Any CPU
		{F1B0790A-1A40-4487-A607-36D21D827E44}.Release|x86.ActiveCfg = Release|Any CPU
		{F1B0790A-1A40-4487-A607-36D21D827E44}.Release|x86.Build.0 = Release|Any CPU
		{351D8601-6E21-45E8-B3B9-847C4540BD4E}.Debug|Any CPU.ActiveCfg = Debug|Any CPU
		{351D8601-6E21-45E8-B3B9-847C4540BD4E}.Debug|Any CPU.Build.0 = Debug|Any CPU
		{351D8601-6E21-45E8-B3B9-847C4540BD4E}.Debug|arm64.ActiveCfg = Debug|Any CPU
		{351D8601-6E21-45E8-B3B9-847C4540BD4E}.Debug|arm64.Build.0 = Debug|Any CPU
		{351D8601-6E21-45E8-B3B9-847C4540BD4E}.Debug|x64.ActiveCfg = Debug|Any CPU
		{351D8601-6E21-45E8-B3B9-847C4540BD4E}.Debug|x64.Build.0 = Debug|Any CPU
		{351D8601-6E21-45E8-B3B9-847C4540BD4E}.Debug|x86.ActiveCfg = Debug|Any CPU
		{351D8601-6E21-45E8-B3B9-847C4540BD4E}.Debug|x86.Build.0 = Debug|Any CPU
		{351D8601-6E21-45E8-B3B9-847C4540BD4E}.Release|Any CPU.ActiveCfg = Release|Any CPU
		{351D8601-6E21-45E8-B3B9-847C4540BD4E}.Release|Any CPU.Build.0 = Release|Any CPU
		{351D8601-6E21-45E8-B3B9-847C4540BD4E}.Release|arm64.ActiveCfg = Release|Any CPU
		{351D8601-6E21-45E8-B3B9-847C4540BD4E}.Release|arm64.Build.0 = Release|Any CPU
		{351D8601-6E21-45E8-B3B9-847C4540BD4E}.Release|x64.ActiveCfg = Release|Any CPU
		{351D8601-6E21-45E8-B3B9-847C4540BD4E}.Release|x64.Build.0 = Release|Any CPU
		{351D8601-6E21-45E8-B3B9-847C4540BD4E}.Release|x86.ActiveCfg = Release|Any CPU
		{351D8601-6E21-45E8-B3B9-847C4540BD4E}.Release|x86.Build.0 = Release|Any CPU
		{6103E743-057D-41C6-946C-23A751A08748}.Debug|Any CPU.ActiveCfg = Debug|Any CPU
		{6103E743-057D-41C6-946C-23A751A08748}.Debug|Any CPU.Build.0 = Debug|Any CPU
		{6103E743-057D-41C6-946C-23A751A08748}.Debug|arm64.ActiveCfg = Debug|Any CPU
		{6103E743-057D-41C6-946C-23A751A08748}.Debug|arm64.Build.0 = Debug|Any CPU
		{6103E743-057D-41C6-946C-23A751A08748}.Debug|x64.ActiveCfg = Debug|Any CPU
		{6103E743-057D-41C6-946C-23A751A08748}.Debug|x64.Build.0 = Debug|Any CPU
		{6103E743-057D-41C6-946C-23A751A08748}.Debug|x86.ActiveCfg = Debug|Any CPU
		{6103E743-057D-41C6-946C-23A751A08748}.Debug|x86.Build.0 = Debug|Any CPU
		{6103E743-057D-41C6-946C-23A751A08748}.Release|Any CPU.ActiveCfg = Release|Any CPU
		{6103E743-057D-41C6-946C-23A751A08748}.Release|Any CPU.Build.0 = Release|Any CPU
		{6103E743-057D-41C6-946C-23A751A08748}.Release|arm64.ActiveCfg = Release|Any CPU
		{6103E743-057D-41C6-946C-23A751A08748}.Release|arm64.Build.0 = Release|Any CPU
		{6103E743-057D-41C6-946C-23A751A08748}.Release|x64.ActiveCfg = Release|Any CPU
		{6103E743-057D-41C6-946C-23A751A08748}.Release|x64.Build.0 = Release|Any CPU
		{6103E743-057D-41C6-946C-23A751A08748}.Release|x86.ActiveCfg = Release|Any CPU
		{6103E743-057D-41C6-946C-23A751A08748}.Release|x86.Build.0 = Release|Any CPU
		{90B27178-F535-43F7-886E-0AB75203F246}.Debug|Any CPU.ActiveCfg = Debug|Any CPU
		{90B27178-F535-43F7-886E-0AB75203F246}.Debug|Any CPU.Build.0 = Debug|Any CPU
		{90B27178-F535-43F7-886E-0AB75203F246}.Debug|arm64.ActiveCfg = Debug|Any CPU
		{90B27178-F535-43F7-886E-0AB75203F246}.Debug|arm64.Build.0 = Debug|Any CPU
		{90B27178-F535-43F7-886E-0AB75203F246}.Debug|x64.ActiveCfg = Debug|Any CPU
		{90B27178-F535-43F7-886E-0AB75203F246}.Debug|x64.Build.0 = Debug|Any CPU
		{90B27178-F535-43F7-886E-0AB75203F246}.Debug|x86.ActiveCfg = Debug|Any CPU
		{90B27178-F535-43F7-886E-0AB75203F246}.Debug|x86.Build.0 = Debug|Any CPU
		{90B27178-F535-43F7-886E-0AB75203F246}.Release|Any CPU.ActiveCfg = Release|Any CPU
		{90B27178-F535-43F7-886E-0AB75203F246}.Release|Any CPU.Build.0 = Release|Any CPU
		{90B27178-F535-43F7-886E-0AB75203F246}.Release|arm64.ActiveCfg = Release|Any CPU
		{90B27178-F535-43F7-886E-0AB75203F246}.Release|arm64.Build.0 = Release|Any CPU
		{90B27178-F535-43F7-886E-0AB75203F246}.Release|x64.ActiveCfg = Release|Any CPU
		{90B27178-F535-43F7-886E-0AB75203F246}.Release|x64.Build.0 = Release|Any CPU
		{90B27178-F535-43F7-886E-0AB75203F246}.Release|x86.ActiveCfg = Release|Any CPU
		{90B27178-F535-43F7-886E-0AB75203F246}.Release|x86.Build.0 = Release|Any CPU
		{E0681991-228A-420E-85D5-A9E796F0AAE0}.Debug|Any CPU.ActiveCfg = Debug|Any CPU
		{E0681991-228A-420E-85D5-A9E796F0AAE0}.Debug|Any CPU.Build.0 = Debug|Any CPU
		{E0681991-228A-420E-85D5-A9E796F0AAE0}.Debug|arm64.ActiveCfg = Debug|Any CPU
		{E0681991-228A-420E-85D5-A9E796F0AAE0}.Debug|arm64.Build.0 = Debug|Any CPU
		{E0681991-228A-420E-85D5-A9E796F0AAE0}.Debug|x64.ActiveCfg = Debug|Any CPU
		{E0681991-228A-420E-85D5-A9E796F0AAE0}.Debug|x64.Build.0 = Debug|Any CPU
		{E0681991-228A-420E-85D5-A9E796F0AAE0}.Debug|x86.ActiveCfg = Debug|Any CPU
		{E0681991-228A-420E-85D5-A9E796F0AAE0}.Debug|x86.Build.0 = Debug|Any CPU
		{E0681991-228A-420E-85D5-A9E796F0AAE0}.Release|Any CPU.ActiveCfg = Release|Any CPU
		{E0681991-228A-420E-85D5-A9E796F0AAE0}.Release|Any CPU.Build.0 = Release|Any CPU
		{E0681991-228A-420E-85D5-A9E796F0AAE0}.Release|arm64.ActiveCfg = Release|Any CPU
		{E0681991-228A-420E-85D5-A9E796F0AAE0}.Release|arm64.Build.0 = Release|Any CPU
		{E0681991-228A-420E-85D5-A9E796F0AAE0}.Release|x64.ActiveCfg = Release|Any CPU
		{E0681991-228A-420E-85D5-A9E796F0AAE0}.Release|x64.Build.0 = Release|Any CPU
		{E0681991-228A-420E-85D5-A9E796F0AAE0}.Release|x86.ActiveCfg = Release|Any CPU
		{E0681991-228A-420E-85D5-A9E796F0AAE0}.Release|x86.Build.0 = Release|Any CPU
		{3BB220A9-7BC9-4D45-9DC7-B5A1D659B478}.Debug|Any CPU.ActiveCfg = Debug|Any CPU
		{3BB220A9-7BC9-4D45-9DC7-B5A1D659B478}.Debug|Any CPU.Build.0 = Debug|Any CPU
		{3BB220A9-7BC9-4D45-9DC7-B5A1D659B478}.Debug|arm64.ActiveCfg = Debug|Any CPU
		{3BB220A9-7BC9-4D45-9DC7-B5A1D659B478}.Debug|arm64.Build.0 = Debug|Any CPU
		{3BB220A9-7BC9-4D45-9DC7-B5A1D659B478}.Debug|x64.ActiveCfg = Debug|Any CPU
		{3BB220A9-7BC9-4D45-9DC7-B5A1D659B478}.Debug|x64.Build.0 = Debug|Any CPU
		{3BB220A9-7BC9-4D45-9DC7-B5A1D659B478}.Debug|x86.ActiveCfg = Debug|Any CPU
		{3BB220A9-7BC9-4D45-9DC7-B5A1D659B478}.Debug|x86.Build.0 = Debug|Any CPU
		{3BB220A9-7BC9-4D45-9DC7-B5A1D659B478}.Release|Any CPU.ActiveCfg = Release|Any CPU
		{3BB220A9-7BC9-4D45-9DC7-B5A1D659B478}.Release|Any CPU.Build.0 = Release|Any CPU
		{3BB220A9-7BC9-4D45-9DC7-B5A1D659B478}.Release|arm64.ActiveCfg = Release|Any CPU
		{3BB220A9-7BC9-4D45-9DC7-B5A1D659B478}.Release|arm64.Build.0 = Release|Any CPU
		{3BB220A9-7BC9-4D45-9DC7-B5A1D659B478}.Release|x64.ActiveCfg = Release|Any CPU
		{3BB220A9-7BC9-4D45-9DC7-B5A1D659B478}.Release|x64.Build.0 = Release|Any CPU
		{3BB220A9-7BC9-4D45-9DC7-B5A1D659B478}.Release|x86.ActiveCfg = Release|Any CPU
		{3BB220A9-7BC9-4D45-9DC7-B5A1D659B478}.Release|x86.Build.0 = Release|Any CPU
		{3596BDE6-B211-4BE7-810D-DC7A4315E296}.Debug|Any CPU.ActiveCfg = Debug|Any CPU
		{3596BDE6-B211-4BE7-810D-DC7A4315E296}.Debug|Any CPU.Build.0 = Debug|Any CPU
		{3596BDE6-B211-4BE7-810D-DC7A4315E296}.Debug|arm64.ActiveCfg = Debug|Any CPU
		{3596BDE6-B211-4BE7-810D-DC7A4315E296}.Debug|arm64.Build.0 = Debug|Any CPU
		{3596BDE6-B211-4BE7-810D-DC7A4315E296}.Debug|x64.ActiveCfg = Debug|Any CPU
		{3596BDE6-B211-4BE7-810D-DC7A4315E296}.Debug|x64.Build.0 = Debug|Any CPU
		{3596BDE6-B211-4BE7-810D-DC7A4315E296}.Debug|x86.ActiveCfg = Debug|Any CPU
		{3596BDE6-B211-4BE7-810D-DC7A4315E296}.Debug|x86.Build.0 = Debug|Any CPU
		{3596BDE6-B211-4BE7-810D-DC7A4315E296}.Release|Any CPU.ActiveCfg = Release|Any CPU
		{3596BDE6-B211-4BE7-810D-DC7A4315E296}.Release|Any CPU.Build.0 = Release|Any CPU
		{3596BDE6-B211-4BE7-810D-DC7A4315E296}.Release|arm64.ActiveCfg = Release|Any CPU
		{3596BDE6-B211-4BE7-810D-DC7A4315E296}.Release|arm64.Build.0 = Release|Any CPU
		{3596BDE6-B211-4BE7-810D-DC7A4315E296}.Release|x64.ActiveCfg = Release|Any CPU
		{3596BDE6-B211-4BE7-810D-DC7A4315E296}.Release|x64.Build.0 = Release|Any CPU
		{3596BDE6-B211-4BE7-810D-DC7A4315E296}.Release|x86.ActiveCfg = Release|Any CPU
		{3596BDE6-B211-4BE7-810D-DC7A4315E296}.Release|x86.Build.0 = Release|Any CPU
		{5025D7FF-EB6D-4250-B9C5-887ADFBBD952}.Debug|Any CPU.ActiveCfg = Debug|Any CPU
		{5025D7FF-EB6D-4250-B9C5-887ADFBBD952}.Debug|Any CPU.Build.0 = Debug|Any CPU
		{5025D7FF-EB6D-4250-B9C5-887ADFBBD952}.Debug|arm64.ActiveCfg = Debug|Any CPU
		{5025D7FF-EB6D-4250-B9C5-887ADFBBD952}.Debug|arm64.Build.0 = Debug|Any CPU
		{5025D7FF-EB6D-4250-B9C5-887ADFBBD952}.Debug|x64.ActiveCfg = Debug|Any CPU
		{5025D7FF-EB6D-4250-B9C5-887ADFBBD952}.Debug|x64.Build.0 = Debug|Any CPU
		{5025D7FF-EB6D-4250-B9C5-887ADFBBD952}.Debug|x86.ActiveCfg = Debug|Any CPU
		{5025D7FF-EB6D-4250-B9C5-887ADFBBD952}.Debug|x86.Build.0 = Debug|Any CPU
		{5025D7FF-EB6D-4250-B9C5-887ADFBBD952}.Release|Any CPU.ActiveCfg = Release|Any CPU
		{5025D7FF-EB6D-4250-B9C5-887ADFBBD952}.Release|Any CPU.Build.0 = Release|Any CPU
		{5025D7FF-EB6D-4250-B9C5-887ADFBBD952}.Release|arm64.ActiveCfg = Release|Any CPU
		{5025D7FF-EB6D-4250-B9C5-887ADFBBD952}.Release|arm64.Build.0 = Release|Any CPU
		{5025D7FF-EB6D-4250-B9C5-887ADFBBD952}.Release|x64.ActiveCfg = Release|Any CPU
		{5025D7FF-EB6D-4250-B9C5-887ADFBBD952}.Release|x64.Build.0 = Release|Any CPU
		{5025D7FF-EB6D-4250-B9C5-887ADFBBD952}.Release|x86.ActiveCfg = Release|Any CPU
		{5025D7FF-EB6D-4250-B9C5-887ADFBBD952}.Release|x86.Build.0 = Release|Any CPU
		{20E7C5E8-CD56-4A1C-9CB2-B7169FD7A5B8}.Debug|Any CPU.ActiveCfg = Debug|Any CPU
		{20E7C5E8-CD56-4A1C-9CB2-B7169FD7A5B8}.Debug|Any CPU.Build.0 = Debug|Any CPU
		{20E7C5E8-CD56-4A1C-9CB2-B7169FD7A5B8}.Debug|arm64.ActiveCfg = Debug|Any CPU
		{20E7C5E8-CD56-4A1C-9CB2-B7169FD7A5B8}.Debug|arm64.Build.0 = Debug|Any CPU
		{20E7C5E8-CD56-4A1C-9CB2-B7169FD7A5B8}.Debug|x64.ActiveCfg = Debug|Any CPU
		{20E7C5E8-CD56-4A1C-9CB2-B7169FD7A5B8}.Debug|x64.Build.0 = Debug|Any CPU
		{20E7C5E8-CD56-4A1C-9CB2-B7169FD7A5B8}.Debug|x86.ActiveCfg = Debug|Any CPU
		{20E7C5E8-CD56-4A1C-9CB2-B7169FD7A5B8}.Debug|x86.Build.0 = Debug|Any CPU
		{20E7C5E8-CD56-4A1C-9CB2-B7169FD7A5B8}.Release|Any CPU.ActiveCfg = Release|Any CPU
		{20E7C5E8-CD56-4A1C-9CB2-B7169FD7A5B8}.Release|Any CPU.Build.0 = Release|Any CPU
		{20E7C5E8-CD56-4A1C-9CB2-B7169FD7A5B8}.Release|arm64.ActiveCfg = Release|Any CPU
		{20E7C5E8-CD56-4A1C-9CB2-B7169FD7A5B8}.Release|arm64.Build.0 = Release|Any CPU
		{20E7C5E8-CD56-4A1C-9CB2-B7169FD7A5B8}.Release|x64.ActiveCfg = Release|Any CPU
		{20E7C5E8-CD56-4A1C-9CB2-B7169FD7A5B8}.Release|x64.Build.0 = Release|Any CPU
		{20E7C5E8-CD56-4A1C-9CB2-B7169FD7A5B8}.Release|x86.ActiveCfg = Release|Any CPU
		{20E7C5E8-CD56-4A1C-9CB2-B7169FD7A5B8}.Release|x86.Build.0 = Release|Any CPU
		{90CC3A84-1087-48A0-8FDC-3A0F6D4D3B4D}.Debug|Any CPU.ActiveCfg = Debug|Any CPU
		{90CC3A84-1087-48A0-8FDC-3A0F6D4D3B4D}.Debug|Any CPU.Build.0 = Debug|Any CPU
		{90CC3A84-1087-48A0-8FDC-3A0F6D4D3B4D}.Debug|arm64.ActiveCfg = Debug|Any CPU
		{90CC3A84-1087-48A0-8FDC-3A0F6D4D3B4D}.Debug|arm64.Build.0 = Debug|Any CPU
		{90CC3A84-1087-48A0-8FDC-3A0F6D4D3B4D}.Debug|x64.ActiveCfg = Debug|Any CPU
		{90CC3A84-1087-48A0-8FDC-3A0F6D4D3B4D}.Debug|x64.Build.0 = Debug|Any CPU
		{90CC3A84-1087-48A0-8FDC-3A0F6D4D3B4D}.Debug|x86.ActiveCfg = Debug|Any CPU
		{90CC3A84-1087-48A0-8FDC-3A0F6D4D3B4D}.Debug|x86.Build.0 = Debug|Any CPU
		{90CC3A84-1087-48A0-8FDC-3A0F6D4D3B4D}.Release|Any CPU.ActiveCfg = Release|Any CPU
		{90CC3A84-1087-48A0-8FDC-3A0F6D4D3B4D}.Release|Any CPU.Build.0 = Release|Any CPU
		{90CC3A84-1087-48A0-8FDC-3A0F6D4D3B4D}.Release|arm64.ActiveCfg = Release|Any CPU
		{90CC3A84-1087-48A0-8FDC-3A0F6D4D3B4D}.Release|arm64.Build.0 = Release|Any CPU
		{90CC3A84-1087-48A0-8FDC-3A0F6D4D3B4D}.Release|x64.ActiveCfg = Release|Any CPU
		{90CC3A84-1087-48A0-8FDC-3A0F6D4D3B4D}.Release|x64.Build.0 = Release|Any CPU
		{90CC3A84-1087-48A0-8FDC-3A0F6D4D3B4D}.Release|x86.ActiveCfg = Release|Any CPU
		{90CC3A84-1087-48A0-8FDC-3A0F6D4D3B4D}.Release|x86.Build.0 = Release|Any CPU
		{194D9B0B-421B-4485-B67E-B5A448388D39}.Debug|Any CPU.ActiveCfg = Debug|Any CPU
		{194D9B0B-421B-4485-B67E-B5A448388D39}.Debug|Any CPU.Build.0 = Debug|Any CPU
		{194D9B0B-421B-4485-B67E-B5A448388D39}.Debug|arm64.ActiveCfg = Debug|Any CPU
		{194D9B0B-421B-4485-B67E-B5A448388D39}.Debug|arm64.Build.0 = Debug|Any CPU
		{194D9B0B-421B-4485-B67E-B5A448388D39}.Debug|x64.ActiveCfg = Debug|Any CPU
		{194D9B0B-421B-4485-B67E-B5A448388D39}.Debug|x64.Build.0 = Debug|Any CPU
		{194D9B0B-421B-4485-B67E-B5A448388D39}.Debug|x86.ActiveCfg = Debug|Any CPU
		{194D9B0B-421B-4485-B67E-B5A448388D39}.Debug|x86.Build.0 = Debug|Any CPU
		{194D9B0B-421B-4485-B67E-B5A448388D39}.Release|Any CPU.ActiveCfg = Release|Any CPU
		{194D9B0B-421B-4485-B67E-B5A448388D39}.Release|Any CPU.Build.0 = Release|Any CPU
		{194D9B0B-421B-4485-B67E-B5A448388D39}.Release|arm64.ActiveCfg = Release|Any CPU
		{194D9B0B-421B-4485-B67E-B5A448388D39}.Release|arm64.Build.0 = Release|Any CPU
		{194D9B0B-421B-4485-B67E-B5A448388D39}.Release|x64.ActiveCfg = Release|Any CPU
		{194D9B0B-421B-4485-B67E-B5A448388D39}.Release|x64.Build.0 = Release|Any CPU
		{194D9B0B-421B-4485-B67E-B5A448388D39}.Release|x86.ActiveCfg = Release|Any CPU
		{194D9B0B-421B-4485-B67E-B5A448388D39}.Release|x86.Build.0 = Release|Any CPU
	EndGlobalSection
	GlobalSection(SolutionProperties) = preSolution
		HideSolutionNode = FALSE
	EndGlobalSection
	GlobalSection(NestedProjects) = preSolution
		{0D23A41B-2626-4703-9E4A-87C07F69B0B2} = {77FEDB47-F7F6-490D-AF7C-ABB4A9E0B9D7}
		{61D06BBD-B0CF-4CE1-9139-1CC4B82F0F9B} = {77FEDB47-F7F6-490D-AF7C-ABB4A9E0B9D7}
		{A2B1148A-1747-47BD-8048-416C2C2AF14C} = {434C00C3-E498-4BA7-9764-9F0FC8CFE457}
		{9BEC2806-D8E0-443B-8B58-9D344E0C2D24} = {434C00C3-E498-4BA7-9764-9F0FC8CFE457}
		{F133342A-3040-4005-A2F0-7685AA7CB82D} = {989F376E-AE19-43B0-A3E6-96A7E22B4E80}
		{36A5139E-3E9C-42BD-95EE-818153A487DB} = {989F376E-AE19-43B0-A3E6-96A7E22B4E80}
		{F1B0790A-1A40-4487-A607-36D21D827E44} = {434C00C3-E498-4BA7-9764-9F0FC8CFE457}
		{351D8601-6E21-45E8-B3B9-847C4540BD4E} = {088DD24C-DF6B-45F3-A8BC-592580A4B2A9}
		{6103E743-057D-41C6-946C-23A751A08748} = {088DD24C-DF6B-45F3-A8BC-592580A4B2A9}
		{088DD24C-DF6B-45F3-A8BC-592580A4B2A9} = {77FEDB47-F7F6-490D-AF7C-ABB4A9E0B9D7}
		{462AD69A-9395-4E98-882D-569CDE562559} = {4AA2764C-B013-40B5-9E5B-9459EF976C8B}
		{90B27178-F535-43F7-886E-0AB75203F246} = {77FEDB47-F7F6-490D-AF7C-ABB4A9E0B9D7}
		{E0681991-228A-420E-85D5-A9E796F0AAE0} = {434C00C3-E498-4BA7-9764-9F0FC8CFE457}
		{3BB220A9-7BC9-4D45-9DC7-B5A1D659B478} = {77FEDB47-F7F6-490D-AF7C-ABB4A9E0B9D7}
		{3596BDE6-B211-4BE7-810D-DC7A4315E296} = {E4C6C5F5-46E9-4C63-9628-26752B4D9C11}
		{E4C6C5F5-46E9-4C63-9628-26752B4D9C11} = {77FEDB47-F7F6-490D-AF7C-ABB4A9E0B9D7}
		{5025D7FF-EB6D-4250-B9C5-887ADFBBD952} = {E4C6C5F5-46E9-4C63-9628-26752B4D9C11}
		{B3CE7FA8-21C5-4CE8-970E-8210D1D89251} = {77FEDB47-F7F6-490D-AF7C-ABB4A9E0B9D7}
		{20E7C5E8-CD56-4A1C-9CB2-B7169FD7A5B8} = {B3CE7FA8-21C5-4CE8-970E-8210D1D89251}
		{90CC3A84-1087-48A0-8FDC-3A0F6D4D3B4D} = {77FEDB47-F7F6-490D-AF7C-ABB4A9E0B9D7}
	EndGlobalSection
	GlobalSection(ExtensibilityGlobals) = postSolution
		SolutionGuid = {7B1B0433-F612-4E5A-BE7E-FCF5B9F6E136}
	EndGlobalSection
EndGlobal
